
Microsoft Visual Studio Solution File, Format Version 12.00
# Visual Studio 15
VisualStudioVersion = 15.0.27130.2036
MinimumVisualStudioVersion = 10.0.40219.1
Project("{FAE04EC0-301F-11D3-BF4B-00C04F79EFBC}") = "MSD.Loop.Engine", "MSD.Loop.Engine\MSD.Loop.Engine.csproj", "{809278E4-4BBE-42F9-8E61-73C3F87C57CF}"
EndProject
Project("{FAE04EC0-301F-11D3-BF4B-00C04F79EFBC}") = "MSD.Loop.Common", "MSD.Loop.Common\MSD.Loop.Common.csproj", "{312E1C8F-AE31-4310-A1E4-EB93291C4A01}"
EndProject
Project("{FAE04EC0-301F-11D3-BF4B-00C04F79EFBC}") = "MSD.Loop.Infrastructure", "MSD.Loop.Infrastructure\MSD.Loop.Infrastructure.csproj", "{343601DE-F09C-42C6-B936-A3B1DE7C7909}"
EndProject
Project("{FAE04EC0-301F-11D3-BF4B-00C04F79EFBC}") = "MSD.Loop.API", "MSD.Loop.API\MSD.Loop.API.csproj", "{16681112-FD91-4812-905F-8F9BA8797427}"
EndProject
Project("{FAE04EC0-301F-11D3-BF4B-00C04F79EFBC}") = "MSD.Loop.API.Tests", "MSD.Loop.API.Tests\MSD.Loop.API.Tests.csproj", "{F1DB8FA8-9776-44E1-84CF-E24B2E671FD0}"
EndProject
Global
	GlobalSection(SolutionConfigurationPlatforms) = preSolution
		Debug|Any CPU = Debug|Any CPU
		Release|Any CPU = Release|Any CPU
	EndGlobalSection
	GlobalSection(ProjectConfigurationPlatforms) = postSolution
		{809278E4-4BBE-42F9-8E61-73C3F87C57CF}.Debug|Any CPU.ActiveCfg = Debug|Any CPU
		{809278E4-4BBE-42F9-8E61-73C3F87C57CF}.Debug|Any CPU.Build.0 = Debug|Any CPU
		{809278E4-4BBE-42F9-8E61-73C3F87C57CF}.Release|Any CPU.ActiveCfg = Release|Any CPU
		{809278E4-4BBE-42F9-8E61-73C3F87C57CF}.Release|Any CPU.Build.0 = Release|Any CPU
		{312E1C8F-AE31-4310-A1E4-EB93291C4A01}.Debug|Any CPU.ActiveCfg = Debug|Any CPU
		{312E1C8F-AE31-4310-A1E4-EB93291C4A01}.Debug|Any CPU.Build.0 = Debug|Any CPU
		{312E1C8F-AE31-4310-A1E4-EB93291C4A01}.Release|Any CPU.ActiveCfg = Release|Any CPU
		{312E1C8F-AE31-4310-A1E4-EB93291C4A01}.Release|Any CPU.Build.0 = Release|Any CPU
		{343601DE-F09C-42C6-B936-A3B1DE7C7909}.Debug|Any CPU.ActiveCfg = Debug|Any CPU
		{343601DE-F09C-42C6-B936-A3B1DE7C7909}.Debug|Any CPU.Build.0 = Debug|Any CPU
		{343601DE-F09C-42C6-B936-A3B1DE7C7909}.Release|Any CPU.ActiveCfg = Release|Any CPU
		{343601DE-F09C-42C6-B936-A3B1DE7C7909}.Release|Any CPU.Build.0 = Release|Any CPU
		{16681112-FD91-4812-905F-8F9BA8797427}.Debug|Any CPU.ActiveCfg = Debug|Any CPU
		{16681112-FD91-4812-905F-8F9BA8797427}.Debug|Any CPU.Build.0 = Debug|Any CPU
		{16681112-FD91-4812-905F-8F9BA8797427}.Release|Any CPU.ActiveCfg = Release|Any CPU
		{16681112-FD91-4812-905F-8F9BA8797427}.Release|Any CPU.Build.0 = Release|Any CPU
		{F1DB8FA8-9776-44E1-84CF-E24B2E671FD0}.Debug|Any CPU.ActiveCfg = Debug|Any CPU
		{F1DB8FA8-9776-44E1-84CF-E24B2E671FD0}.Debug|Any CPU.Build.0 = Debug|Any CPU
		{F1DB8FA8-9776-44E1-84CF-E24B2E671FD0}.Release|Any CPU.ActiveCfg = Release|Any CPU
		{F1DB8FA8-9776-44E1-84CF-E24B2E671FD0}.Release|Any CPU.Build.0 = Release|Any CPU
	EndGlobalSection
	GlobalSection(SolutionProperties) = preSolution
		HideSolutionNode = FALSE
	EndGlobalSection
	GlobalSection(ExtensibilityGlobals) = postSolution
		SolutionGuid = {8F8A9653-8793-4034-AE77-F55B7EEB5038}
	EndGlobalSection
EndGlobal
